<?xml version="1.0" encoding="utf-8"?>
<Project ToolsVersion="4.0" xmlns="http://schemas.microsoft.com/developer/msbuild/2003">
  <ItemGroup>
    <None Include="README" />
    <None Include="AUTHORS" />
    <None Include="COMPILERS" />
    <None Include="COPYING" />
    <None Include="doxyfile" />
    <None Include="DoxySfile" />
    <None Include="inquisitor.project" />
    <None Include="packages.config" />
    <None Include="TODO" />
    <None Include="external\physfs\physfs_platform_apple.m">
      <Filter>external\physfs</Filter>
    </None>
    <None Include="tools\asan_symbolize.py">
      <Filter>tools</Filter>
    </None>
  </ItemGroup>
  <ItemGroup>
    <Text Include="design_document.txt" />
  </ItemGroup>
  <ItemGroup>
    <Filter Include="src">
      <UniqueIdentifier>{e7eccf4d-94d6-46d3-b7f0-960110b64338}</UniqueIdentifier>
    </Filter>
    <Filter Include="external">
      <UniqueIdentifier>{0cbfebd5-716a-47d1-bfc7-6c4e3e80c903}</UniqueIdentifier>
    </Filter>
    <Filter Include="external\CLI11">
      <UniqueIdentifier>{c9527597-e7cd-4809-8e6f-62636a9e6a89}</UniqueIdentifier>
    </Filter>
    <Filter Include="external\dr_libs">
      <UniqueIdentifier>{28d92f08-8045-4dc8-b61e-ff5b31243806}</UniqueIdentifier>
    </Filter>
    <Filter Include="external\fmt">
      <UniqueIdentifier>{7019e80b-849e-4e70-bced-c282630df1e2}</UniqueIdentifier>
    </Filter>
    <Filter Include="external\imgui">
      <UniqueIdentifier>{9e961fa2-17f2-49fd-9cb1-075e886fb5bb}</UniqueIdentifier>
    </Filter>
    <Filter Include="external\json">
      <UniqueIdentifier>{6fb6392c-bbcd-4232-9044-3c07fe690521}</UniqueIdentifier>
    </Filter>
    <Filter Include="external\minitrace">
      <UniqueIdentifier>{8f8db975-3544-4117-9146-a09aa8dc5f52}</UniqueIdentifier>
    </Filter>
    <Filter Include="external\physfs">
      <UniqueIdentifier>{76d69cd3-45ab-4d82-9ea6-a0724926decf}</UniqueIdentifier>
    </Filter>
    <Filter Include="external\stb">
      <UniqueIdentifier>{18796016-cd53-49a6-a243-072f32272cb7}</UniqueIdentifier>
    </Filter>
    <Filter Include="src\helper">
      <UniqueIdentifier>{a2c721d8-41f7-4abb-ab4b-61e7e86f7e54}</UniqueIdentifier>
    </Filter>
    <Filter Include="src\helper\geom">
      <UniqueIdentifier>{4938d004-67d9-4d0f-a6dd-dd6f341c11df}</UniqueIdentifier>
    </Filter>
    <Filter Include="src\helper\image">
      <UniqueIdentifier>{79f4697d-351a-4b8a-965c-60019cdac8cb}</UniqueIdentifier>
    </Filter>
    <Filter Include="src\logger">
      <UniqueIdentifier>{1eca55e3-a1c2-47b1-b381-d2b220b98b51}</UniqueIdentifier>
    </Filter>
    <Filter Include="src\math">
      <UniqueIdentifier>{5df5cdaa-13d8-4d15-9f35-3668cd7000b2}</UniqueIdentifier>
    </Filter>
    <Filter Include="src\renderer">
      <UniqueIdentifier>{8bd0abea-5da7-4efe-af3a-7d4476c8cf25}</UniqueIdentifier>
    </Filter>
    <Filter Include="src\renderer\components">
      <UniqueIdentifier>{319bab29-500c-4569-816f-e1595e21e7dd}</UniqueIdentifier>
    </Filter>
    <Filter Include="src\renderer\material">
      <UniqueIdentifier>{a55cd095-06e3-4c54-bd0c-42c2b968738a}</UniqueIdentifier>
    </Filter>
    <Filter Include="src\renderer\model">
      <UniqueIdentifier>{a3751e1e-7cfb-4dfd-8a26-3bbed0022e43}</UniqueIdentifier>
    </Filter>
    <Filter Include="src\renderer\sampler">
      <UniqueIdentifier>{25da4fd4-9abd-4a7e-b32b-13cdeeba3440}</UniqueIdentifier>
    </Filter>
    <Filter Include="src\renderer\shader">
      <UniqueIdentifier>{d2991100-f222-442e-9d14-165d37362e83}</UniqueIdentifier>
    </Filter>
    <Filter Include="src\renderer\texture">
      <UniqueIdentifier>{0077711e-be87-44d3-9a5e-d42c3a34fa38}</UniqueIdentifier>
    </Filter>
    <Filter Include="src\resource">
      <UniqueIdentifier>{7e8b3d1f-f321-41af-a242-bd05113ce1cd}</UniqueIdentifier>
    </Filter>
    <Filter Include="src\scene">
      <UniqueIdentifier>{ea98b299-b6b7-4f83-87b7-62be369b5336}</UniqueIdentifier>
    </Filter>
    <Filter Include="src\scene\components">
      <UniqueIdentifier>{3e197ea1-243e-4ee4-a1cd-db06e494ad96}</UniqueIdentifier>
    </Filter>
    <Filter Include="src\scene\components\camera">
      <UniqueIdentifier>{f5ebff8c-650d-46fd-bec5-c40d984616cf}</UniqueIdentifier>
    </Filter>
    <Filter Include="src\sdl">
      <UniqueIdentifier>{4378aaf7-dc4b-4ef7-b3e9-843b9df79541}</UniqueIdentifier>
    </Filter>
    <Filter Include="src\states">
      <UniqueIdentifier>{2fc008c6-d1b4-4ec1-9a50-20764883e755}</UniqueIdentifier>
    </Filter>
    <Filter Include="src\system">
      <UniqueIdentifier>{ee798aec-d692-4471-afcf-23eacef3d7db}</UniqueIdentifier>
    </Filter>
    <Filter Include="tools">
      <UniqueIdentifier>{b440f45a-76ca-4993-bd4d-f0ff51fb365d}</UniqueIdentifier>
    </Filter>
    <Filter Include="src\audio">
      <UniqueIdentifier>{d662d250-06c1-4305-9c71-e91ae92495ee}</UniqueIdentifier>
    </Filter>
    <Filter Include="src\core">
      <UniqueIdentifier>{2481490b-e789-4c7b-a228-14f7c5d42a18}</UniqueIdentifier>
    </Filter>
    <Filter Include="src\renderer\geometry">
      <UniqueIdentifier>{18aff8b4-bb33-4e7a-91d1-26bc630e1bbc}</UniqueIdentifier>
    </Filter>
    <Filter Include="src\renderer\geometry\prefabs">
      <UniqueIdentifier>{feb6f50a-fcf9-4847-a15b-acf6877eef3b}</UniqueIdentifier>
    </Filter>
    <Filter Include="src\renderer\text">
      <UniqueIdentifier>{29f32b62-7619-40d6-b72e-a70795aa417e}</UniqueIdentifier>
    </Filter>
    <Filter Include="src\renderer\font">
      <UniqueIdentifier>{86ae58bb-fdee-42a4-b019-ae60f7c841a9}</UniqueIdentifier>
    </Filter>
    <Filter Include="external\utfcpp">
      <UniqueIdentifier>{c665a845-5d6b-46ff-a4f3-334a965c4b3f}</UniqueIdentifier>
    </Filter>
    <Filter Include="external\utfcpp\utf8">
      <UniqueIdentifier>{11756e60-6a3c-42b0-8fb7-62a04039267f}</UniqueIdentifier>
    </Filter>
    <Filter Include="external\effolkronium">
      <UniqueIdentifier>{340c0f04-6ba7-46bf-bcc8-669fe9af28f7}</UniqueIdentifier>
    </Filter>
  </ItemGroup>
  <ItemGroup>
    <ClInclude Include="external\CLI11\CLI11.hpp">
      <Filter>external\CLI11</Filter>
    </ClInclude>
    <ClInclude Include="external\dr_libs\dr_wav.h">
      <Filter>external\dr_libs</Filter>
    </ClInclude>
    <ClInclude Include="external\fmt\chrono.h">
      <Filter>external\fmt</Filter>
    </ClInclude>
    <ClInclude Include="external\fmt\color.h">
      <Filter>external\fmt</Filter>
    </ClInclude>
    <ClInclude Include="external\fmt\core.h">
      <Filter>external\fmt</Filter>
    </ClInclude>
    <ClInclude Include="external\fmt\format.h">
      <Filter>external\fmt</Filter>
    </ClInclude>
    <ClInclude Include="external\fmt\format-inl.h">
      <Filter>external\fmt</Filter>
    </ClInclude>
    <ClInclude Include="external\fmt\locale.h">
      <Filter>external\fmt</Filter>
    </ClInclude>
    <ClInclude Include="external\fmt\ostream.h">
      <Filter>external\fmt</Filter>
    </ClInclude>
    <ClInclude Include="external\fmt\posix.h">
      <Filter>external\fmt</Filter>
    </ClInclude>
    <ClInclude Include="external\fmt\printf.h">
      <Filter>external\fmt</Filter>
    </ClInclude>
    <ClInclude Include="external\fmt\ranges.h">
      <Filter>external\fmt</Filter>
    </ClInclude>
    <ClInclude Include="external\imgui\imconfig.h">
      <Filter>external\imgui</Filter>
    </ClInclude>
    <ClInclude Include="external\imgui\imgui.h">
      <Filter>external\imgui</Filter>
    </ClInclude>
    <ClInclude Include="external\imgui\imgui_internal.h">
      <Filter>external\imgui</Filter>
    </ClInclude>
    <ClInclude Include="external\json\json.hpp">
      <Filter>external\json</Filter>
    </ClInclude>
    <ClInclude Include="external\minitrace\minitrace.h">
      <Filter>external\minitrace</Filter>
    </ClInclude>
    <ClInclude Include="external\physfs\physfs.h">
      <Filter>external\physfs</Filter>
    </ClInclude>
    <ClInclude Include="external\physfs\physfs_casefolding.h">
      <Filter>external\physfs</Filter>
    </ClInclude>
    <ClInclude Include="external\physfs\physfs_internal.h">
      <Filter>external\physfs</Filter>
    </ClInclude>
    <ClInclude Include="external\physfs\physfs_lzmasdk.h">
      <Filter>external\physfs</Filter>
    </ClInclude>
    <ClInclude Include="external\physfs\physfs_miniz.h">
      <Filter>external\physfs</Filter>
    </ClInclude>
    <ClInclude Include="external\physfs\physfs_platforms.h">
      <Filter>external\physfs</Filter>
    </ClInclude>
    <ClInclude Include="external\stb\stb_rect_pack.h">
      <Filter>external\stb</Filter>
    </ClInclude>
    <ClInclude Include="external\stb\stb_textedit.h">
      <Filter>external\stb</Filter>
    </ClInclude>
    <ClInclude Include="external\stb\stb_truetype.h">
      <Filter>external\stb</Filter>
    </ClInclude>
    <ClInclude Include="src\helper\CColor.hpp">
      <Filter>src\helper</Filter>
    </ClInclude>
    <ClInclude Include="src\helper\CSize.hpp">
      <Filter>src\helper</Filter>
    </ClInclude>
    <ClInclude Include="src\helper\Date.hpp">
      <Filter>src\helper</Filter>
    </ClInclude>
    <ClInclude Include="src\helper\String.hpp">
      <Filter>src\helper</Filter>
    </ClInclude>
    <ClInclude Include="src\helper\geom\CPlane.hpp">
      <Filter>src\helper\geom</Filter>
    </ClInclude>
    <ClInclude Include="src\helper\image\CImage.hpp">
      <Filter>src\helper\image</Filter>
    </ClInclude>
    <ClInclude Include="src\helper\image\ImageHandler.hpp">
      <Filter>src\helper\image</Filter>
    </ClInclude>
    <ClInclude Include="src\logger\CLogger.hpp">
      <Filter>src\logger</Filter>
    </ClInclude>
    <ClInclude Include="src\logger\CLogTargetConsole.hpp">
      <Filter>src\logger</Filter>
    </ClInclude>
    <ClInclude Include="src\logger\CLogTargetFile.hpp">
      <Filter>src\logger</Filter>
    </ClInclude>
    <ClInclude Include="src\logger\CLogTargetMessageBox.hpp">
      <Filter>src\logger</Filter>
    </ClInclude>
    <ClInclude Include="src\logger\LogHelper.hpp">
      <Filter>src\logger</Filter>
    </ClInclude>
    <ClInclude Include="src\math\Math.hpp">
      <Filter>src\math</Filter>
    </ClInclude>
    <ClInclude Include="src\renderer\CFrameBuffer.hpp">
      <Filter>src\renderer</Filter>
    </ClInclude>
    <ClInclude Include="src\renderer\CGLState.hpp">
      <Filter>src\renderer</Filter>
    </ClInclude>
    <ClInclude Include="src\renderer\COpenGlAdapter.hpp">
      <Filter>src\renderer</Filter>
    </ClInclude>
    <ClInclude Include="src\renderer\CRenderer.hpp">
      <Filter>src\renderer</Filter>
    </ClInclude>
    <ClInclude Include="src\renderer\CUniformBuffer.hpp">
      <Filter>src\renderer</Filter>
    </ClInclude>
    <ClInclude Include="src\renderer\EUniformBufferLocations.hpp">
      <Filter>src\renderer</Filter>
    </ClInclude>
    <ClInclude Include="src\renderer\GL.h">
      <Filter>src\renderer</Filter>
    </ClInclude>
    <ClInclude Include="src\renderer\GLHelper.hpp">
      <Filter>src\renderer</Filter>
    </ClInclude>
    <ClInclude Include="src\renderer\components\CModelComponent.hpp">
      <Filter>src\renderer\components</Filter>
    </ClInclude>
    <ClInclude Include="src\renderer\material\CMaterial.hpp">
      <Filter>src\renderer\material</Filter>
    </ClInclude>
    <ClInclude Include="src\renderer\material\CMaterialCache.hpp">
      <Filter>src\renderer\material</Filter>
    </ClInclude>
    <ClInclude Include="src\renderer\material\CMaterialLoader.hpp">
      <Filter>src\renderer\material</Filter>
    </ClInclude>
    <ClInclude Include="src\renderer\material\CMaterialUniform.hpp">
      <Filter>src\renderer\material</Filter>
    </ClInclude>
    <ClInclude Include="src\renderer\model\CMesh.hpp">
      <Filter>src\renderer\model</Filter>
    </ClInclude>
    <ClInclude Include="src\renderer\model\CMeshTextureSlot.hpp">
      <Filter>src\renderer\model</Filter>
    </ClInclude>
    <ClInclude Include="src\renderer\model\CModel.hpp">
      <Filter>src\renderer\model</Filter>
    </ClInclude>
    <ClInclude Include="src\renderer\model\CModelLoader.hpp">
      <Filter>src\renderer\model</Filter>
    </ClInclude>
    <ClInclude Include="src\renderer\sampler\CSampler.hpp">
      <Filter>src\renderer\sampler</Filter>
    </ClInclude>
    <ClInclude Include="src\renderer\sampler\CSamplerManager.hpp">
      <Filter>src\renderer\sampler</Filter>
    </ClInclude>
    <ClInclude Include="src\renderer\shader\CShaderProgram.hpp">
      <Filter>src\renderer\shader</Filter>
    </ClInclude>
    <ClInclude Include="src\renderer\shader\EEngineUniform.hpp">
      <Filter>src\renderer\shader</Filter>
    </ClInclude>
    <ClInclude Include="src\renderer\shader\SShaderInterface.hpp">
      <Filter>src\renderer\shader</Filter>
    </ClInclude>
    <ClInclude Include="src\renderer\texture\C2DArrayData.hpp">
      <Filter>src\renderer\texture</Filter>
    </ClInclude>
    <ClInclude Include="src\renderer\texture\CCubemapData.hpp">
      <Filter>src\renderer\texture</Filter>
    </ClInclude>
    <ClInclude Include="src\renderer\texture\CTexture.hpp">
      <Filter>src\renderer\texture</Filter>
    </ClInclude>
    <ClInclude Include="src\renderer\texture\CTextureCache.hpp">
      <Filter>src\renderer\texture</Filter>
    </ClInclude>
    <ClInclude Include="src\renderer\texture\CTextureLoader.hpp">
      <Filter>src\renderer\texture</Filter>
    </ClInclude>
    <ClInclude Include="src\resource\CResourceCache.hpp">
      <Filter>src\resource</Filter>
    </ClInclude>
    <ClInclude Include="src\resource\CResourceCacheBase.hpp">
      <Filter>src\resource</Filter>
    </ClInclude>
    <ClInclude Include="src\scene\CEntity.hpp">
      <Filter>src\scene</Filter>
    </ClInclude>
    <ClInclude Include="src\scene\CFrustum.hpp">
      <Filter>src\scene</Filter>
    </ClInclude>
    <ClInclude Include="src\scene\CScene.hpp">
      <Filter>src\scene</Filter>
    </ClInclude>
    <ClInclude Include="src\scene\CTransform.hpp">
      <Filter>src\scene</Filter>
    </ClInclude>
    <ClInclude Include="src\scene\CWorld.hpp">
      <Filter>src\scene</Filter>
    </ClInclude>
    <ClInclude Include="src\scene\components\CBaseComponent.hpp">
      <Filter>src\scene\components</Filter>
    </ClInclude>
    <ClInclude Include="src\scene\components\EComponentIndex.hpp">
      <Filter>src\scene\components</Filter>
    </ClInclude>
    <ClInclude Include="src\scene\components\camera\CCameraComponent.hpp">
      <Filter>src\scene\components\camera</Filter>
    </ClInclude>
    <ClInclude Include="src\scene\components\camera\CCameraFreeComponent.hpp">
      <Filter>src\scene\components\camera</Filter>
    </ClInclude>
    <ClInclude Include="src\scene\components\camera\CCameraOrthoComponent.hpp">
      <Filter>src\scene\components\camera</Filter>
    </ClInclude>
    <ClInclude Include="src\sdl\CSDL.hpp">
      <Filter>src\sdl</Filter>
    </ClInclude>
    <ClInclude Include="src\states\CState.hpp">
      <Filter>src\states</Filter>
    </ClInclude>
    <ClInclude Include="src\states\CStateGame.hpp">
      <Filter>src\states</Filter>
    </ClInclude>
    <ClInclude Include="src\states\CStateIntro.hpp">
      <Filter>src\states</Filter>
    </ClInclude>
    <ClInclude Include="src\states\CStateMainMenu.hpp">
      <Filter>src\states</Filter>
    </ClInclude>
    <ClInclude Include="src\states\CStatePause.hpp">
      <Filter>src\states</Filter>
    </ClInclude>
    <ClInclude Include="src\system\CEngine.hpp">
      <Filter>src\system</Filter>
    </ClInclude>
    <ClInclude Include="src\system\CEngineInterface.hpp">
      <Filter>src\system</Filter>
    </ClInclude>
    <ClInclude Include="src\system\CFileSystem.hpp">
      <Filter>src\system</Filter>
    </ClInclude>
    <ClInclude Include="src\system\CGameInfo.hpp">
      <Filter>src\system</Filter>
    </ClInclude>
    <ClInclude Include="src\system\CInput.hpp">
      <Filter>src\system</Filter>
    </ClInclude>
    <ClInclude Include="src\system\ComputerInfo.hpp">
      <Filter>src\system</Filter>
    </ClInclude>
    <ClInclude Include="src\system\CSettings.hpp">
      <Filter>src\system</Filter>
    </ClInclude>
    <ClInclude Include="src\system\CTimer.hpp">
      <Filter>src\system</Filter>
    </ClInclude>
    <ClInclude Include="src\system\CWindow.hpp">
      <Filter>src\system</Filter>
    </ClInclude>
    <ClInclude Include="src\renderer\shader\CShaderProgramCache.hpp">
      <Filter>src\renderer\shader</Filter>
    </ClInclude>
    <ClInclude Include="src\renderer\shader\CShaderCompiler.hpp">
      <Filter>src\renderer\shader</Filter>
    </ClInclude>
    <ClInclude Include="src\renderer\shader\CShader.hpp">
      <Filter>src\renderer\shader</Filter>
    </ClInclude>
    <ClInclude Include="src\renderer\shader\CShaderLoader.hpp">
      <Filter>src\renderer\shader</Filter>
    </ClInclude>
    <ClInclude Include="src\renderer\shader\CShaderCache.hpp">
      <Filter>src\renderer\shader</Filter>
    </ClInclude>
    <ClInclude Include="src\renderer\shader\CShaderProgramCompiler.hpp">
      <Filter>src\renderer\shader</Filter>
    </ClInclude>
    <ClInclude Include="src\audio\CAudioBuffer.hpp">
      <Filter>src\audio</Filter>
    </ClInclude>
    <ClInclude Include="src\audio\CAudioBufferCache.hpp">
      <Filter>src\audio</Filter>
    </ClInclude>
    <ClInclude Include="src\audio\CAudioBufferLoader.hpp">
      <Filter>src\audio</Filter>
    </ClInclude>
    <ClInclude Include="src\audio\CAudioSource.hpp">
      <Filter>src\audio</Filter>
    </ClInclude>
    <ClInclude Include="src\audio\ALHelper.hpp">
      <Filter>src\audio</Filter>
    </ClInclude>
    <ClInclude Include="src\audio\CAudio.hpp">
      <Filter>src\audio</Filter>
    </ClInclude>
    <ClInclude Include="src\core\StyxException.hpp">
      <Filter>src\core</Filter>
    </ClInclude>
    <ClInclude Include="src\renderer\model\CModelCache.hpp">
      <Filter>src\renderer\model</Filter>
    </ClInclude>
    <ClInclude Include="src\renderer\geometry\Geometry.hpp">
      <Filter>src\renderer\geometry</Filter>
    </ClInclude>
    <ClInclude Include="src\renderer\geometry\Vertex.hpp">
      <Filter>src\renderer\geometry</Filter>
    </ClInclude>
    <ClInclude Include="src\renderer\geometry\prefabs\Cube.hpp">
      <Filter>src\renderer\geometry\prefabs</Filter>
    </ClInclude>
    <ClInclude Include="src\renderer\geometry\prefabs\Cuboid.hpp">
      <Filter>src\renderer\geometry\prefabs</Filter>
    </ClInclude>
    <ClInclude Include="src\renderer\geometry\prefabs\Quad.hpp">
      <Filter>src\renderer\geometry\prefabs</Filter>
    </ClInclude>
    <ClInclude Include="src\renderer\geometry\prefabs\Rectangle.hpp">
      <Filter>src\renderer\geometry\prefabs</Filter>
    </ClInclude>
    <ClInclude Include="src\resource\CResources.hpp">
      <Filter>src\resource</Filter>
    </ClInclude>
    <ClInclude Include="src\renderer\geometry\prefabs\Sphere.hpp">
      <Filter>src\renderer\geometry\prefabs</Filter>
    </ClInclude>
    <ClInclude Include="src\renderer\CBufferObject.hpp">
      <Filter>src\renderer</Filter>
    </ClInclude>
    <ClInclude Include="src\renderer\CVertexArrayObject.hpp">
      <Filter>src\renderer</Filter>
    </ClInclude>
    <ClInclude Include="src\renderer\RenderPackage.hpp">
      <Filter>src\renderer</Filter>
    </ClInclude>
    <ClInclude Include="src\core\Types.hpp">
      <Filter>src\core</Filter>
    </ClInclude>
    <ClInclude Include="src\system\CEngineStats.hpp">
      <Filter>src\system</Filter>
    </ClInclude>
    <ClInclude Include="src\renderer\font\CFont.hpp">
      <Filter>src\renderer\font</Filter>
    </ClInclude>
    <ClInclude Include="src\renderer\font\CFontBuilder.hpp">
      <Filter>src\renderer\font</Filter>
    </ClInclude>
    <ClInclude Include="src\renderer\RenderLayer.hpp">
      <Filter>src\renderer</Filter>
    </ClInclude>
    <ClInclude Include="src\renderer\shader\CShaderProgramLoader.hpp">
      <Filter>src\renderer\shader</Filter>
    </ClInclude>
    <ClInclude Include="src\renderer\text\STextOptions.hpp">
      <Filter>src\renderer\text</Filter>
    </ClInclude>
    <ClInclude Include="external\utfcpp\utf8.h">
      <Filter>external\utfcpp</Filter>
    </ClInclude>
    <ClInclude Include="external\utfcpp\utf8\checked.h">
      <Filter>external\utfcpp\utf8</Filter>
    </ClInclude>
    <ClInclude Include="external\utfcpp\utf8\core.h">
      <Filter>external\utfcpp\utf8</Filter>
    </ClInclude>
    <ClInclude Include="external\utfcpp\utf8\cpp11.h">
      <Filter>external\utfcpp\utf8</Filter>
    </ClInclude>
    <ClInclude Include="external\utfcpp\utf8\unchecked.h">
      <Filter>external\utfcpp\utf8</Filter>
    </ClInclude>
    <ClInclude Include="src\renderer\font\EFontWeight.hpp">
      <Filter>src\renderer\font</Filter>
    </ClInclude>
    <ClInclude Include="src\renderer\text\CText.hpp">
      <Filter>src\renderer\text</Filter>
    </ClInclude>
    <ClInclude Include="src\renderer\text\CTextGeometryBuilder.hpp">
      <Filter>src\renderer\text</Filter>
    </ClInclude>
    <ClInclude Include="src\renderer\text\CTextBuilder.hpp">
      <Filter>src\renderer\text</Filter>
    </ClInclude>
    <ClInclude Include="src\renderer\font\CGlyphRange.hpp">
      <Filter>src\renderer\font</Filter>
    </ClInclude>
    <ClInclude Include="external\effolkronium\random.hpp">
      <Filter>external\effolkronium</Filter>
    </ClInclude>
    <ClInclude Include="external\stb\stb_image.h">
      <Filter>external\stb</Filter>
    </ClInclude>
    <ClInclude Include="external\stb\stb_image_resize.h">
      <Filter>external\stb</Filter>
    </ClInclude>
    <ClInclude Include="external\stb\stb_image_write.h">
      <Filter>external\stb</Filter>
    </ClInclude>
    <ClInclude Include="src\renderer\components\CGuiModelComponent.hpp">
      <Filter>src\renderer\components</Filter>
    </ClInclude>
  </ItemGroup>
  <ItemGroup>
    <ClCompile Include="external\fmt\format.cc">
      <Filter>external\fmt</Filter>
    </ClCompile>
    <ClCompile Include="external\fmt\posix.cc">
      <Filter>external\fmt</Filter>
    </ClCompile>
    <ClCompile Include="external\imgui\imgui.cpp">
      <Filter>external\imgui</Filter>
    </ClCompile>
    <ClCompile Include="external\imgui\imgui_draw.cpp">
      <Filter>external\imgui</Filter>
    </ClCompile>
    <ClCompile Include="external\minitrace\minitrace.c">
      <Filter>external\minitrace</Filter>
    </ClCompile>
    <ClCompile Include="external\physfs\physfs.c">
      <Filter>external\physfs</Filter>
    </ClCompile>
    <ClCompile Include="external\physfs\physfs_archiver_7z.c">
      <Filter>external\physfs</Filter>
    </ClCompile>
    <ClCompile Include="external\physfs\physfs_archiver_dir.c">
      <Filter>external\physfs</Filter>
    </ClCompile>
    <ClCompile Include="external\physfs\physfs_archiver_grp.c">
      <Filter>external\physfs</Filter>
    </ClCompile>
    <ClCompile Include="external\physfs\physfs_archiver_hog.c">
      <Filter>external\physfs</Filter>
    </ClCompile>
    <ClCompile Include="external\physfs\physfs_archiver_iso9660.c">
      <Filter>external\physfs</Filter>
    </ClCompile>
    <ClCompile Include="external\physfs\physfs_archiver_mvl.c">
      <Filter>external\physfs</Filter>
    </ClCompile>
    <ClCompile Include="external\physfs\physfs_archiver_qpak.c">
      <Filter>external\physfs</Filter>
    </ClCompile>
    <ClCompile Include="external\physfs\physfs_archiver_slb.c">
      <Filter>external\physfs</Filter>
    </ClCompile>
    <ClCompile Include="external\physfs\physfs_archiver_unpacked.c">
      <Filter>external\physfs</Filter>
    </ClCompile>
    <ClCompile Include="external\physfs\physfs_archiver_vdf.c">
      <Filter>external\physfs</Filter>
    </ClCompile>
    <ClCompile Include="external\physfs\physfs_archiver_wad.c">
      <Filter>external\physfs</Filter>
    </ClCompile>
    <ClCompile Include="external\physfs\physfs_archiver_zip.c">
      <Filter>external\physfs</Filter>
    </ClCompile>
    <ClCompile Include="external\physfs\physfs_byteorder.c">
      <Filter>external\physfs</Filter>
    </ClCompile>
    <ClCompile Include="external\physfs\physfs_platform_haiku.cpp">
      <Filter>external\physfs</Filter>
    </ClCompile>
    <ClCompile Include="external\physfs\physfs_platform_os2.c">
      <Filter>external\physfs</Filter>
    </ClCompile>
    <ClCompile Include="external\physfs\physfs_platform_posix.c">
      <Filter>external\physfs</Filter>
    </ClCompile>
    <ClCompile Include="external\physfs\physfs_platform_qnx.c">
      <Filter>external\physfs</Filter>
    </ClCompile>
    <ClCompile Include="external\physfs\physfs_platform_unix.c">
      <Filter>external\physfs</Filter>
    </ClCompile>
    <ClCompile Include="external\physfs\physfs_platform_windows.c">
      <Filter>external\physfs</Filter>
    </ClCompile>
    <ClCompile Include="external\physfs\physfs_platform_winrt.cpp">
      <Filter>external\physfs</Filter>
    </ClCompile>
    <ClCompile Include="external\physfs\physfs_unicode.c">
      <Filter>external\physfs</Filter>
    </ClCompile>
    <ClCompile Include="src\Main.cpp">
      <Filter>src</Filter>
    </ClCompile>
    <ClCompile Include="src\helper\Date.cpp">
      <Filter>src\helper</Filter>
    </ClCompile>
    <ClCompile Include="src\helper\String.cpp">
      <Filter>src\helper</Filter>
    </ClCompile>
    <ClCompile Include="src\helper\geom\CPlane.cpp">
      <Filter>src\helper\geom</Filter>
    </ClCompile>
    <ClCompile Include="src\helper\image\CImage.cpp">
      <Filter>src\helper\image</Filter>
    </ClCompile>
    <ClCompile Include="src\helper\image\ImageHandler.cpp">
      <Filter>src\helper\image</Filter>
    </ClCompile>
    <ClCompile Include="src\logger\CLogger.cpp">
      <Filter>src\logger</Filter>
    </ClCompile>
    <ClCompile Include="src\logger\CLogTargetConsole.cpp">
      <Filter>src\logger</Filter>
    </ClCompile>
    <ClCompile Include="src\logger\CLogTargetFile.cpp">
      <Filter>src\logger</Filter>
    </ClCompile>
    <ClCompile Include="src\logger\CLogTargetMessageBox.cpp">
      <Filter>src\logger</Filter>
    </ClCompile>
    <ClCompile Include="src\math\Math.cpp">
      <Filter>src\math</Filter>
    </ClCompile>
    <ClCompile Include="src\renderer\CFrameBuffer.cpp">
      <Filter>src\renderer</Filter>
    </ClCompile>
    <ClCompile Include="src\renderer\CGLState.cpp">
      <Filter>src\renderer</Filter>
    </ClCompile>
    <ClCompile Include="src\renderer\COpenGlAdapter.cpp">
      <Filter>src\renderer</Filter>
    </ClCompile>
    <ClCompile Include="src\renderer\CRenderer.cpp">
      <Filter>src\renderer</Filter>
    </ClCompile>
    <ClCompile Include="src\renderer\CUniformBuffer.cpp">
      <Filter>src\renderer</Filter>
    </ClCompile>
    <ClCompile Include="src\renderer\GLHelper.cpp">
      <Filter>src\renderer</Filter>
    </ClCompile>
    <ClCompile Include="src\renderer\components\CModelComponent.cpp">
      <Filter>src\renderer\components</Filter>
    </ClCompile>
    <ClCompile Include="src\renderer\material\CMaterial.cpp">
      <Filter>src\renderer\material</Filter>
    </ClCompile>
    <ClCompile Include="src\renderer\material\CMaterialLoader.cpp">
      <Filter>src\renderer\material</Filter>
    </ClCompile>
    <ClCompile Include="src\renderer\material\CMaterialUniform.cpp">
      <Filter>src\renderer\material</Filter>
    </ClCompile>
    <ClCompile Include="src\renderer\model\CMesh.cpp">
      <Filter>src\renderer\model</Filter>
    </ClCompile>
    <ClCompile Include="src\renderer\model\CMeshTextureSlot.cpp">
      <Filter>src\renderer\model</Filter>
    </ClCompile>
    <ClCompile Include="src\renderer\model\CModel.cpp">
      <Filter>src\renderer\model</Filter>
    </ClCompile>
    <ClCompile Include="src\renderer\model\CModelLoader.cpp">
      <Filter>src\renderer\model</Filter>
    </ClCompile>
    <ClCompile Include="src\renderer\sampler\CSamplerManager.cpp">
      <Filter>src\renderer\sampler</Filter>
    </ClCompile>
    <ClCompile Include="src\renderer\sampler\CSampler.cpp">
      <Filter>src\renderer\sampler</Filter>
    </ClCompile>
    <ClCompile Include="src\renderer\shader\CShaderProgram.cpp">
      <Filter>src\renderer\shader</Filter>
    </ClCompile>
    <ClCompile Include="src\renderer\texture\C2DArrayData.cpp">
      <Filter>src\renderer\texture</Filter>
    </ClCompile>
    <ClCompile Include="src\renderer\texture\CCubemapData.cpp">
      <Filter>src\renderer\texture</Filter>
    </ClCompile>
    <ClCompile Include="src\renderer\texture\CTexture.cpp">
      <Filter>src\renderer\texture</Filter>
    </ClCompile>
    <ClCompile Include="src\renderer\texture\CTextureLoader.cpp">
      <Filter>src\renderer\texture</Filter>
    </ClCompile>
    <ClCompile Include="src\resource\CResourceCacheBase.cpp">
      <Filter>src\resource</Filter>
    </ClCompile>
    <ClCompile Include="src\scene\CEntity.cpp">
      <Filter>src\scene</Filter>
    </ClCompile>
    <ClCompile Include="src\scene\CFrustum.cpp">
      <Filter>src\scene</Filter>
    </ClCompile>
    <ClCompile Include="src\scene\CScene.cpp">
      <Filter>src\scene</Filter>
    </ClCompile>
    <ClCompile Include="src\scene\CTransform.cpp">
      <Filter>src\scene</Filter>
    </ClCompile>
    <ClCompile Include="src\scene\CWorld.cpp">
      <Filter>src\scene</Filter>
    </ClCompile>
    <ClCompile Include="src\scene\components\camera\CCameraComponent.cpp">
      <Filter>src\scene\components\camera</Filter>
    </ClCompile>
    <ClCompile Include="src\scene\components\camera\CCameraFreeComponent.cpp">
      <Filter>src\scene\components\camera</Filter>
    </ClCompile>
    <ClCompile Include="src\scene\components\camera\CCameraOrthoComponent.cpp">
      <Filter>src\scene\components\camera</Filter>
    </ClCompile>
    <ClCompile Include="src\sdl\CSDL.cpp">
      <Filter>src\sdl</Filter>
    </ClCompile>
    <ClCompile Include="src\states\CState.cpp">
      <Filter>src\states</Filter>
    </ClCompile>
    <ClCompile Include="src\states\CStateGame.cpp">
      <Filter>src\states</Filter>
    </ClCompile>
    <ClCompile Include="src\states\CStateIntro.cpp">
      <Filter>src\states</Filter>
    </ClCompile>
    <ClCompile Include="src\states\CStateMainMenu.cpp">
      <Filter>src\states</Filter>
    </ClCompile>
    <ClCompile Include="src\states\CStatePause.cpp">
      <Filter>src\states</Filter>
    </ClCompile>
    <ClCompile Include="src\system\CEngine.cpp">
      <Filter>src\system</Filter>
    </ClCompile>
    <ClCompile Include="src\system\CFileSystem.cpp">
      <Filter>src\system</Filter>
    </ClCompile>
    <ClCompile Include="src\system\CGameInfo.cpp">
      <Filter>src\system</Filter>
    </ClCompile>
    <ClCompile Include="src\system\CInput.cpp">
      <Filter>src\system</Filter>
    </ClCompile>
    <ClCompile Include="src\system\ComputerInfo.cpp">
      <Filter>src\system</Filter>
    </ClCompile>
    <ClCompile Include="src\system\CSettings.cpp">
      <Filter>src\system</Filter>
    </ClCompile>
    <ClCompile Include="src\system\CTimer.cpp">
      <Filter>src\system</Filter>
    </ClCompile>
    <ClCompile Include="src\system\CWindow.cpp">
      <Filter>src\system</Filter>
    </ClCompile>
    <ClCompile Include="external\stb\stb_vorbis.c">
      <Filter>external\stb</Filter>
    </ClCompile>
    <ClCompile Include="external\imgui\imgui_widgets.cpp">
      <Filter>external\imgui</Filter>
    </ClCompile>
    <ClCompile Include="src\renderer\shader\CShaderCompiler.cpp">
      <Filter>src\renderer\shader</Filter>
    </ClCompile>
    <ClCompile Include="src\renderer\shader\CShader.cpp">
      <Filter>src\renderer\shader</Filter>
    </ClCompile>
    <ClCompile Include="src\renderer\shader\CShaderLoader.cpp">
      <Filter>src\renderer\shader</Filter>
    </ClCompile>
    <ClCompile Include="src\renderer\shader\CShaderProgramCompiler.cpp">
      <Filter>src\renderer\shader</Filter>
    </ClCompile>
    <ClCompile Include="src\audio\CAudioBuffer.cpp">
      <Filter>src\audio</Filter>
    </ClCompile>
    <ClCompile Include="src\audio\CAudioBufferLoader.cpp">
      <Filter>src\audio</Filter>
    </ClCompile>
    <ClCompile Include="src\audio\CAudioSource.cpp">
      <Filter>src\audio</Filter>
    </ClCompile>
    <ClCompile Include="src\audio\ALHelper.cpp">
      <Filter>src\audio</Filter>
    </ClCompile>
    <ClCompile Include="src\audio\CAudio.cpp">
      <Filter>src\audio</Filter>
    </ClCompile>
    <ClCompile Include="src\renderer\geometry\prefabs\Cube.cpp">
      <Filter>src\renderer\geometry\prefabs</Filter>
    </ClCompile>
    <ClCompile Include="src\renderer\geometry\prefabs\Cuboid.cpp">
      <Filter>src\renderer\geometry\prefabs</Filter>
    </ClCompile>
    <ClCompile Include="src\renderer\geometry\prefabs\Quad.cpp">
      <Filter>src\renderer\geometry\prefabs</Filter>
    </ClCompile>
    <ClCompile Include="src\renderer\geometry\prefabs\Rectangle.cpp">
      <Filter>src\renderer\geometry\prefabs</Filter>
    </ClCompile>
    <ClCompile Include="src\resource\CResources.cpp">
      <Filter>src\resource</Filter>
    </ClCompile>
    <ClCompile Include="src\renderer\geometry\prefabs\Sphere.cpp">
      <Filter>src\renderer\geometry\prefabs</Filter>
    </ClCompile>
    <ClCompile Include="src\renderer\CBufferObject.cpp">
      <Filter>src\renderer</Filter>
    </ClCompile>
    <ClCompile Include="src\renderer\CVertexArrayObject.cpp">
      <Filter>src\renderer</Filter>
    </ClCompile>
    <ClCompile Include="src\renderer\RenderPackage.cpp">
      <Filter>src\renderer</Filter>
    </ClCompile>
    <ClCompile Include="src\renderer\font\CFont.cpp">
      <Filter>src\renderer\font</Filter>
    </ClCompile>
    <ClCompile Include="src\renderer\font\CFontBuilder.cpp">
      <Filter>src\renderer\font</Filter>
    </ClCompile>
    <ClCompile Include="external\stb\stb_rect_pack_impl.cpp">
      <Filter>external\stb</Filter>
    </ClCompile>
    <ClCompile Include="external\stb\stb_truetype_impl.cpp">
      <Filter>external\stb</Filter>
    </ClCompile>
    <ClCompile Include="src\renderer\RenderLayer.cpp">
      <Filter>src\renderer</Filter>
    </ClCompile>
    <ClCompile Include="src\renderer\shader\CShaderProgramLoader.cpp">
      <Filter>src\renderer\shader</Filter>
    </ClCompile>
    <ClCompile Include="src\helper\CColor.cpp">
      <Filter>src\helper</Filter>
    </ClCompile>
    <ClCompile Include="src\renderer\font\EFontWeight.cpp">
      <Filter>src\renderer\font</Filter>
    </ClCompile>
    <ClCompile Include="src\renderer\text\CText.cpp">
      <Filter>src\renderer\text</Filter>
    </ClCompile>
    <ClCompile Include="src\renderer\text\CTextGeometryBuilder.cpp">
      <Filter>src\renderer\text</Filter>
    </ClCompile>
    <ClCompile Include="src\renderer\text\CTextBuilder.cpp">
      <Filter>src\renderer\text</Filter>
    </ClCompile>
    <ClCompile Include="src\renderer\font\CGlyphRange.cpp">
      <Filter>src\renderer\font</Filter>
    </ClCompile>
    <ClCompile Include="external\stb\stb_image_impl.cpp">
      <Filter>external\stb</Filter>
    </ClCompile>
    <ClCompile Include="external\stb\stb_image_resize_impl.cpp">
      <Filter>external\stb</Filter>
    </ClCompile>
    <ClCompile Include="external\stb\stb_image_write_impl.cpp">
      <Filter>external\stb</Filter>
    </ClCompile>
    <ClCompile Include="src\renderer\components\CGuiModelComponent.cpp">
      <Filter>src\renderer\components</Filter>
    </ClCompile>
  </ItemGroup>
</Project>